
Microsoft Visual Studio Solution File, Format Version 12.00
# Visual Studio Version 16
VisualStudioVersion = 16.0.30621.155
MinimumVisualStudioVersion = 10.0.40219.1
Project("{9A19103F-16F7-4668-BE54-9A1E7A4F7556}") = "СocktailParser", "СocktailParser.csproj", "{4E854944-F3CC-402A-A99E-D8B7EFD636CA}"
EndProject
Project("{9A19103F-16F7-4668-BE54-9A1E7A4F7556}") = "WriterToDB", "..\WriterToDB\WriterToDB.csproj", "{7A40C115-CFD1-4D67-B559-2502A861CF08}"
EndProject
Project("{FAE04EC0-301F-11D3-BF4B-00C04F79EFBC}") = "CocktailsMobile.Android", "..\CocktailsMobile\CocktailsMobile.Android\CocktailsMobile.Android.csproj", "{CF450138-5FFC-4E6E-8E7E-1C54E91CC338}"
EndProject
Project("{FAE04EC0-301F-11D3-BF4B-00C04F79EFBC}") = "CocktailsMobile.iOS", "..\CocktailsMobile\CocktailsMobile.iOS\CocktailsMobile.iOS.csproj", "{95609CAA-9F74-4AF5-9CCD-517D67D60E1D}"
EndProject
Project("{FAE04EC0-301F-11D3-BF4B-00C04F79EFBC}") = "CocktailsMobile", "..\CocktailsMobile\CocktailsMobile\CocktailsMobile.csproj", "{63F347C6-EA24-43A8-92A3-35E9735B100A}"
EndProject
Global
	GlobalSection(SolutionConfigurationPlatforms) = preSolution
		Debug|Any CPU = Debug|Any CPU
		Debug|iPhone = Debug|iPhone
		Debug|iPhoneSimulator = Debug|iPhoneSimulator
		Release|Any CPU = Release|Any CPU
		Release|iPhone = Release|iPhone
		Release|iPhoneSimulator = Release|iPhoneSimulator
	EndGlobalSection
	GlobalSection(ProjectConfigurationPlatforms) = postSolution
		{4E854944-F3CC-402A-A99E-D8B7EFD636CA}.Debug|Any CPU.ActiveCfg = Debug|Any CPU
		{4E854944-F3CC-402A-A99E-D8B7EFD636CA}.Debug|Any CPU.Build.0 = Debug|Any CPU
		{4E854944-F3CC-402A-A99E-D8B7EFD636CA}.Debug|iPhone.ActiveCfg = Debug|Any CPU
		{4E854944-F3CC-402A-A99E-D8B7EFD636CA}.Debug|iPhone.Build.0 = Debug|Any CPU
		{4E854944-F3CC-402A-A99E-D8B7EFD636CA}.Debug|iPhoneSimulator.ActiveCfg = Debug|Any CPU
		{4E854944-F3CC-402A-A99E-D8B7EFD636CA}.Debug|iPhoneSimulator.Build.0 = Debug|Any CPU
		{4E854944-F3CC-402A-A99E-D8B7EFD636CA}.Release|Any CPU.ActiveCfg = Release|Any CPU
		{4E854944-F3CC-402A-A99E-D8B7EFD636CA}.Release|Any CPU.Build.0 = Release|Any CPU
		{4E854944-F3CC-402A-A99E-D8B7EFD636CA}.Release|iPhone.ActiveCfg = Release|Any CPU
		{4E854944-F3CC-402A-A99E-D8B7EFD636CA}.Release|iPhone.Build.0 = Release|Any CPU
		{4E854944-F3CC-402A-A99E-D8B7EFD636CA}.Release|iPhoneSimulator.ActiveCfg = Release|Any CPU
		{4E854944-F3CC-402A-A99E-D8B7EFD636CA}.Release|iPhoneSimulator.Build.0 = Release|Any CPU
		{7A40C115-CFD1-4D67-B559-2502A861CF08}.Debug|Any CPU.ActiveCfg = Debug|Any CPU
		{7A40C115-CFD1-4D67-B559-2502A861CF08}.Debug|Any CPU.Build.0 = Debug|Any CPU
		{7A40C115-CFD1-4D67-B559-2502A861CF08}.Debug|iPhone.ActiveCfg = Debug|Any CPU
		{7A40C115-CFD1-4D67-B559-2502A861CF08}.Debug|iPhone.Build.0 = Debug|Any CPU
		{7A40C115-CFD1-4D67-B559-2502A861CF08}.Debug|iPhoneSimulator.ActiveCfg = Debug|Any CPU
		{7A40C115-CFD1-4D67-B559-2502A861CF08}.Debug|iPhoneSimulator.Build.0 = Debug|Any CPU
		{7A40C115-CFD1-4D67-B559-2502A861CF08}.Release|Any CPU.ActiveCfg = Release|Any CPU
		{7A40C115-CFD1-4D67-B559-2502A861CF08}.Release|Any CPU.Build.0 = Release|Any CPU
		{7A40C115-CFD1-4D67-B559-2502A861CF08}.Release|iPhone.ActiveCfg = Release|Any CPU
		{7A40C115-CFD1-4D67-B559-2502A861CF08}.Release|iPhone.Build.0 = Release|Any CPU
		{7A40C115-CFD1-4D67-B559-2502A861CF08}.Release|iPhoneSimulator.ActiveCfg = Release|Any CPU
		{7A40C115-CFD1-4D67-B559-2502A861CF08}.Release|iPhoneSimulator.Build.0 = Release|Any CPU
		{CF450138-5FFC-4E6E-8E7E-1C54E91CC338}.Debug|Any CPU.ActiveCfg = Debug|Any CPU
		{CF450138-5FFC-4E6E-8E7E-1C54E91CC338}.Debug|Any CPU.Build.0 = Debug|Any CPU
		{CF450138-5FFC-4E6E-8E7E-1C54E91CC338}.Debug|Any CPU.Deploy.0 = Debug|Any CPU
		{CF450138-5FFC-4E6E-8E7E-1C54E91CC338}.Debug|iPhone.ActiveCfg = Debug|Any CPU
		{CF450138-5FFC-4E6E-8E7E-1C54E91CC338}.Debug|iPhone.Build.0 = Debug|Any CPU
		{CF450138-5FFC-4E6E-8E7E-1C54E91CC338}.Debug|iPhone.Deploy.0 = Debug|Any CPU
		{CF450138-5FFC-4E6E-8E7E-1C54E91CC338}.Debug|iPhoneSimulator.ActiveCfg = Debug|Any CPU
		{CF450138-5FFC-4E6E-8E7E-1C54E91CC338}.Debug|iPhoneSimulator.Build.0 = Debug|Any CPU
		{CF450138-5FFC-4E6E-8E7E-1C54E91CC338}.Debug|iPhoneSimulator.Deploy.0 = Debug|Any CPU
		{CF450138-5FFC-4E6E-8E7E-1C54E91CC338}.Release|Any CPU.ActiveCfg = Release|Any CPU
		{CF450138-5FFC-4E6E-8E7E-1C54E91CC338}.Release|Any CPU.Build.0 = Release|Any CPU
		{CF450138-5FFC-4E6E-8E7E-1C54E91CC338}.Release|Any CPU.Deploy.0 = Release|Any CPU
		{CF450138-5FFC-4E6E-8E7E-1C54E91CC338}.Release|iPhone.ActiveCfg = Release|Any CPU
		{CF450138-5FFC-4E6E-8E7E-1C54E91CC338}.Release|iPhone.Build.0 = Release|Any CPU
		{CF450138-5FFC-4E6E-8E7E-1C54E91CC338}.Release|iPhone.Deploy.0 = Release|Any CPU
		{CF450138-5FFC-4E6E-8E7E-1C54E91CC338}.Release|iPhoneSimulator.ActiveCfg = Release|Any CPU
		{CF450138-5FFC-4E6E-8E7E-1C54E91CC338}.Release|iPhoneSimulator.Build.0 = Release|Any CPU
		{CF450138-5FFC-4E6E-8E7E-1C54E91CC338}.Release|iPhoneSimulator.Deploy.0 = Release|Any CPU
		{95609CAA-9F74-4AF5-9CCD-517D67D60E1D}.Debug|Any CPU.ActiveCfg = Debug|iPhoneSimulator
		{95609CAA-9F74-4AF5-9CCD-517D67D60E1D}.Debug|iPhone.ActiveCfg = Debug|iPhone
		{95609CAA-9F74-4AF5-9CCD-517D67D60E1D}.Debug|iPhone.Build.0 = Debug|iPhone
		{95609CAA-9F74-4AF5-9CCD-517D67D60E1D}.Debug|iPhoneSimulator.ActiveCfg = Debug|iPhoneSimulator
		{95609CAA-9F74-4AF5-9CCD-517D67D60E1D}.Debug|iPhoneSimulator.Build.0 = Debug|iPhoneSimulator
		{95609CAA-9F74-4AF5-9CCD-517D67D60E1D}.Release|Any CPU.ActiveCfg = Release|iPhoneSimulator
		{95609CAA-9F74-4AF5-9CCD-517D67D60E1D}.Release|iPhone.ActiveCfg = Release|iPhone
		{95609CAA-9F74-4AF5-9CCD-517D67D60E1D}.Release|iPhone.Build.0 = Release|iPhone
		{95609CAA-9F74-4AF5-9CCD-517D67D60E1D}.Release|iPhoneSimulator.ActiveCfg = Release|iPhoneSimulator
		{95609CAA-9F74-4AF5-9CCD-517D67D60E1D}.Release|iPhoneSimulator.Build.0 = Release|iPhoneSimulator
		{63F347C6-EA24-43A8-92A3-35E9735B100A}.Debug|Any CPU.ActiveCfg = Debug|Any CPU
		{63F347C6-EA24-43A8-92A3-35E9735B100A}.Debug|Any CPU.Build.0 = Debug|Any CPU
		{63F347C6-EA24-43A8-92A3-35E9735B100A}.Debug|iPhone.ActiveCfg = Debug|Any CPU
		{63F347C6-EA24-43A8-92A3-35E9735B100A}.Debug|iPhone.Build.0 = Debug|Any CPU
		{63F347C6-EA24-43A8-92A3-35E9735B100A}.Debug|iPhoneSimulator.ActiveCfg = Debug|Any CPU
		{63F347C6-EA24-43A8-92A3-35E9735B100A}.Debug|iPhoneSimulator.Build.0 = Debug|Any CPU
		{63F347C6-EA24-43A8-92A3-35E9735B100A}.Release|Any CPU.ActiveCfg = Release|Any CPU
		{63F347C6-EA24-43A8-92A3-35E9735B100A}.Release|Any CPU.Build.0 = Release|Any CPU
		{63F347C6-EA24-43A8-92A3-35E9735B100A}.Release|iPhone.ActiveCfg = Release|Any CPU
		{63F347C6-EA24-43A8-92A3-35E9735B100A}.Release|iPhone.Build.0 = Release|Any CPU
		{63F347C6-EA24-43A8-92A3-35E9735B100A}.Release|iPhoneSimulator.ActiveCfg = Release|Any CPU
		{63F347C6-EA24-43A8-92A3-35E9735B100A}.Release|iPhoneSimulator.Build.0 = Release|Any CPU
	EndGlobalSection
	GlobalSection(SolutionProperties) = preSolution
		HideSolutionNode = FALSE
	EndGlobalSection
	GlobalSection(ExtensibilityGlobals) = postSolution
		SolutionGuid = {F8BF8E7C-3ACE-4521-A21F-BD51D3B1A05E}
	EndGlobalSection
EndGlobal
